
Microsoft Visual Studio Solution File, Format Version 12.00
# Visual Studio Version 17
VisualStudioVersion = 17.7.34024.191
MinimumVisualStudioVersion = 10.0.40219.1
Project("{FAE04EC0-301F-11D3-BF4B-00C04F79EFBC}") = "APIDemoProject", "APIDemoProject\APIDemoProject.csproj", "{72902255-C7A6-4CA5-B4AC-D2FD9077CA87}"
EndProject
Global
	GlobalSection(SolutionConfigurationPlatforms) = preSolution
		Debug|Any CPU = Debug|Any CPU
		Release|Any CPU = Release|Any CPU
	EndGlobalSection
	GlobalSection(ProjectConfigurationPlatforms) = postSolution
		{72902255-C7A6-4CA5-B4AC-D2FD9077CA87}.Debug|Any CPU.ActiveCfg = Debug|Any CPU
		{72902255-C7A6-4CA5-B4AC-D2FD9077CA87}.Debug|Any CPU.Build.0 = Debug|Any CPU
		{72902255-C7A6-4CA5-B4AC-D2FD9077CA87}.Release|Any CPU.ActiveCfg = Release|Any CPU
		{72902255-C7A6-4CA5-B4AC-D2FD9077CA87}.Release|Any CPU.Build.0 = Release|Any CPU
	EndGlobalSection
	GlobalSection(SolutionProperties) = preSolution
		HideSolutionNode = FALSE
	EndGlobalSection
	GlobalSection(ExtensibilityGlobals) = postSolution
		SolutionGuid = {338C575B-56D4-4855-BEEA-F39704FF1BEF}
	EndGlobalSection
EndGlobal
